
Microsoft Visual Studio Solution File, Format Version 12.00
# Visual Studio Version 17
VisualStudioVersion = 17.5.33424.131
MinimumVisualStudioVersion = 10.0.40219.1
Project("{FAE04EC0-301F-11D3-BF4B-00C04F79EFBC}") = "fukuv0614", "fukuv0614\fukuv0614.csproj", "{A42B6E87-287E-42E4-A84F-C8BFDBBAE517}"
EndProject
Global
	GlobalSection(SolutionConfigurationPlatforms) = preSolution
		Debug|Any CPU = Debug|Any CPU
		Release|Any CPU = Release|Any CPU
	EndGlobalSection
	GlobalSection(ProjectConfigurationPlatforms) = postSolution
		{A42B6E87-287E-42E4-A84F-C8BFDBBAE517}.Debug|Any CPU.ActiveCfg = Debug|Any CPU
		{A42B6E87-287E-42E4-A84F-C8BFDBBAE517}.Debug|Any CPU.Build.0 = Debug|Any CPU
		{A42B6E87-287E-42E4-A84F-C8BFDBBAE517}.Release|Any CPU.ActiveCfg = Release|Any CPU
		{A42B6E87-287E-42E4-A84F-C8BFDBBAE517}.Release|Any CPU.Build.0 = Release|Any CPU
	EndGlobalSection
	GlobalSection(SolutionProperties) = preSolution
		HideSolutionNode = FALSE
	EndGlobalSection
	GlobalSection(ExtensibilityGlobals) = postSolution
		SolutionGuid = {0C93C31C-9141-44E1-9BDA-51803CB00ECC}
	EndGlobalSection
EndGlobal
